
Microsoft Visual Studio Solution File, Format Version 12.00
# Visual Studio Version 17
VisualStudioVersion = 17.5.33414.496
MinimumVisualStudioVersion = 10.0.40219.1
Project("{FAE04EC0-301F-11D3-BF4B-00C04F79EFBC}") = "Latvija_apdzivotas_vietas", "Latvija_apdzivotas_vietas\Latvija_apdzivotas_vietas.csproj", "{9C203525-8C87-4523-B6AA-96B0298E10FA}"
EndProject
Global
	GlobalSection(SolutionConfigurationPlatforms) = preSolution
		Debug|Any CPU = Debug|Any CPU
		Release|Any CPU = Release|Any CPU
	EndGlobalSection
	GlobalSection(ProjectConfigurationPlatforms) = postSolution
		{9C203525-8C87-4523-B6AA-96B0298E10FA}.Debug|Any CPU.ActiveCfg = Debug|Any CPU
		{9C203525-8C87-4523-B6AA-96B0298E10FA}.Debug|Any CPU.Build.0 = Debug|Any CPU
		{9C203525-8C87-4523-B6AA-96B0298E10FA}.Release|Any CPU.ActiveCfg = Release|Any CPU
		{9C203525-8C87-4523-B6AA-96B0298E10FA}.Release|Any CPU.Build.0 = Release|Any CPU
	EndGlobalSection
	GlobalSection(SolutionProperties) = preSolution
		HideSolutionNode = FALSE
	EndGlobalSection
	GlobalSection(ExtensibilityGlobals) = postSolution
		SolutionGuid = {F0C326E4-01FE-4929-B769-9D7E002193AD}
	EndGlobalSection
EndGlobal
